
Microsoft Visual Studio Solution File, Format Version 12.00
Project("{FAE04EC0-301F-11D3-BF4B-00C04F79EFBC}") = "CounterMeasureEvaluation-Segments", "CounterMeasureEvaluation-Segments.pyproj", "{E0C872A9-61BB-4208-8149-BE677ECBA055}"
EndProject
Global
	GlobalSection(SolutionConfigurationPlatforms) = preSolution
		Debug|Any CPU = Debug|Any CPU
		Release|Any CPU = Release|Any CPU
	EndGlobalSection
	GlobalSection(ProjectConfigurationPlatforms) = postSolution
		{E0C872A9-61BB-4208-8149-BE677ECBA055}.Debug|Any CPU.ActiveCfg = Debug|Any CPU
		{E0C872A9-61BB-4208-8149-BE677ECBA055}.Debug|Any CPU.Build.0 = Debug|Any CPU
		{E0C872A9-61BB-4208-8149-BE677ECBA055}.Release|Any CPU.ActiveCfg = Debug|Any CPU
		{E0C872A9-61BB-4208-8149-BE677ECBA055}.Release|Any CPU.Build.0 = Debug|Any CPU
	EndGlobalSection
EndGlobal
